
Microsoft Visual Studio Solution File, Format Version 12.00
# Visual Studio 14
VisualStudioVersion = 14.0.25420.1
MinimumVisualStudioVersion = 10.0.40219.1
Project("{9A19103F-16F7-4668-BE54-9A1E7A4F7556}") = "CapaDatosBasico", "CapaDatosBasico\CapaDatosBasico.csproj", "{A8425E4B-1C7A-4869-B2B3-5304EAF47888}"
EndProject
Project("{9A19103F-16F7-4668-BE54-9A1E7A4F7556}") = "Negocio", "Negocio\Negocio.csproj", "{F9DCE429-C8D3-4417-8123-B7B190819658}"
EndProject
Project("{9A19103F-16F7-4668-BE54-9A1E7A4F7556}") = "Presentacion", "Presentacion\Presentacion.csproj", "{319E97B8-D969-47B8-94AE-C60698EC2E9A}"
EndProject
Global
	GlobalSection(SolutionConfigurationPlatforms) = preSolution
		Debug|Any CPU = Debug|Any CPU
		Debug|x86 = Debug|x86
		Release|Any CPU = Release|Any CPU
		Release|x86 = Release|x86
	EndGlobalSection
	GlobalSection(ProjectConfigurationPlatforms) = postSolution
		{A8425E4B-1C7A-4869-B2B3-5304EAF47888}.Debug|Any CPU.ActiveCfg = Debug|Any CPU
		{A8425E4B-1C7A-4869-B2B3-5304EAF47888}.Debug|Any CPU.Build.0 = Debug|Any CPU
		{A8425E4B-1C7A-4869-B2B3-5304EAF47888}.Debug|x86.ActiveCfg = Debug|x86
		{A8425E4B-1C7A-4869-B2B3-5304EAF47888}.Debug|x86.Build.0 = Debug|x86
		{A8425E4B-1C7A-4869-B2B3-5304EAF47888}.Release|Any CPU.ActiveCfg = Release|Any CPU
		{A8425E4B-1C7A-4869-B2B3-5304EAF47888}.Release|Any CPU.Build.0 = Release|Any CPU
		{A8425E4B-1C7A-4869-B2B3-5304EAF47888}.Release|x86.ActiveCfg = Release|x86
		{A8425E4B-1C7A-4869-B2B3-5304EAF47888}.Release|x86.Build.0 = Release|x86
		{F9DCE429-C8D3-4417-8123-B7B190819658}.Debug|Any CPU.ActiveCfg = Debug|Any CPU
		{F9DCE429-C8D3-4417-8123-B7B190819658}.Debug|Any CPU.Build.0 = Debug|Any CPU
		{F9DCE429-C8D3-4417-8123-B7B190819658}.Debug|x86.ActiveCfg = Debug|x86
		{F9DCE429-C8D3-4417-8123-B7B190819658}.Debug|x86.Build.0 = Debug|x86
		{F9DCE429-C8D3-4417-8123-B7B190819658}.Release|Any CPU.ActiveCfg = Release|Any CPU
		{F9DCE429-C8D3-4417-8123-B7B190819658}.Release|Any CPU.Build.0 = Release|Any CPU
		{F9DCE429-C8D3-4417-8123-B7B190819658}.Release|x86.ActiveCfg = Release|x86
		{F9DCE429-C8D3-4417-8123-B7B190819658}.Release|x86.Build.0 = Release|x86
		{319E97B8-D969-47B8-94AE-C60698EC2E9A}.Debug|Any CPU.ActiveCfg = Debug|Any CPU
		{319E97B8-D969-47B8-94AE-C60698EC2E9A}.Debug|Any CPU.Build.0 = Debug|Any CPU
		{319E97B8-D969-47B8-94AE-C60698EC2E9A}.Debug|x86.ActiveCfg = Debug|x86
		{319E97B8-D969-47B8-94AE-C60698EC2E9A}.Debug|x86.Build.0 = Debug|x86
		{319E97B8-D969-47B8-94AE-C60698EC2E9A}.Release|Any CPU.ActiveCfg = Release|Any CPU
		{319E97B8-D969-47B8-94AE-C60698EC2E9A}.Release|Any CPU.Build.0 = Release|Any CPU
		{319E97B8-D969-47B8-94AE-C60698EC2E9A}.Release|x86.ActiveCfg = Release|x86
		{319E97B8-D969-47B8-94AE-C60698EC2E9A}.Release|x86.Build.0 = Release|x86
	EndGlobalSection
	GlobalSection(SolutionProperties) = preSolution
		HideSolutionNode = FALSE
	EndGlobalSection
EndGlobal
