
Microsoft Visual Studio Solution File, Format Version 12.00
# Visual Studio Version 17
VisualStudioVersion = 17.3.32825.248
MinimumVisualStudioVersion = 10.0.40219.1
Project("{9A19103F-16F7-4668-BE54-9A1E7A4F7556}") = "DatosEEF", "DatosEEF\DatosEEF.csproj", "{FA51EF71-0AE8-40B9-A26E-6B5D63849415}"
EndProject
Project("{9A19103F-16F7-4668-BE54-9A1E7A4F7556}") = "Modelos", "Modelos\Modelos.csproj", "{2BDF7366-BAB8-4EF1-BC04-56D5F503EFC5}"
EndProject
Project("{9A19103F-16F7-4668-BE54-9A1E7A4F7556}") = "PresentacionEEF", "Presentacion\PresentacionEEF.csproj", "{6FA74F74-874E-4EE7-8EA6-EF2D7EBB2315}"
EndProject
Project("{9A19103F-16F7-4668-BE54-9A1E7A4F7556}") = "NegocioEEF", "Negocio\NegocioEEF.csproj", "{5495F123-6139-43E8-93F1-2D72C819FB14}"
EndProject
Global
	GlobalSection(SolutionConfigurationPlatforms) = preSolution
		Debug|Any CPU = Debug|Any CPU
		Release|Any CPU = Release|Any CPU
	EndGlobalSection
	GlobalSection(ProjectConfigurationPlatforms) = postSolution
		{FA51EF71-0AE8-40B9-A26E-6B5D63849415}.Debug|Any CPU.ActiveCfg = Debug|Any CPU
		{FA51EF71-0AE8-40B9-A26E-6B5D63849415}.Debug|Any CPU.Build.0 = Debug|Any CPU
		{FA51EF71-0AE8-40B9-A26E-6B5D63849415}.Release|Any CPU.ActiveCfg = Release|Any CPU
		{FA51EF71-0AE8-40B9-A26E-6B5D63849415}.Release|Any CPU.Build.0 = Release|Any CPU
		{2BDF7366-BAB8-4EF1-BC04-56D5F503EFC5}.Debug|Any CPU.ActiveCfg = Debug|Any CPU
		{2BDF7366-BAB8-4EF1-BC04-56D5F503EFC5}.Debug|Any CPU.Build.0 = Debug|Any CPU
		{2BDF7366-BAB8-4EF1-BC04-56D5F503EFC5}.Release|Any CPU.ActiveCfg = Release|Any CPU
		{2BDF7366-BAB8-4EF1-BC04-56D5F503EFC5}.Release|Any CPU.Build.0 = Release|Any CPU
		{6FA74F74-874E-4EE7-8EA6-EF2D7EBB2315}.Debug|Any CPU.ActiveCfg = Debug|Any CPU
		{6FA74F74-874E-4EE7-8EA6-EF2D7EBB2315}.Debug|Any CPU.Build.0 = Debug|Any CPU
		{6FA74F74-874E-4EE7-8EA6-EF2D7EBB2315}.Release|Any CPU.ActiveCfg = Release|Any CPU
		{6FA74F74-874E-4EE7-8EA6-EF2D7EBB2315}.Release|Any CPU.Build.0 = Release|Any CPU
		{5495F123-6139-43E8-93F1-2D72C819FB14}.Debug|Any CPU.ActiveCfg = Debug|Any CPU
		{5495F123-6139-43E8-93F1-2D72C819FB14}.Debug|Any CPU.Build.0 = Debug|Any CPU
		{5495F123-6139-43E8-93F1-2D72C819FB14}.Release|Any CPU.ActiveCfg = Release|Any CPU
		{5495F123-6139-43E8-93F1-2D72C819FB14}.Release|Any CPU.Build.0 = Release|Any CPU
	EndGlobalSection
	GlobalSection(SolutionProperties) = preSolution
		HideSolutionNode = FALSE
	EndGlobalSection
	GlobalSection(ExtensibilityGlobals) = postSolution
		SolutionGuid = {A75981DF-C435-4669-A249-665736341F3B}
	EndGlobalSection
EndGlobal
